<?xml version="1.0" encoding="utf-8"?>
<Project ToolsVersion="4.0" xmlns="http://schemas.microsoft.com/developer/msbuild/2003">
  <ItemGroup>
    <ClCompile Include="CPP98.cpp">
      <Filter>C++98</Filter>
    </ClCompile>
    <ClCompile Include="MyCLib.cpp">
      <Filter>lib&amp;DLL</Filter>
    </ClCompile>
    <ClCompile Include="CodeSafe.cpp">
      <Filter>Safe&amp;Performance</Filter>
    </ClCompile>
    <ClCompile Include="TestSTL.cpp">
      <Filter>C++98</Filter>
    </ClCompile>
    <ClCompile Include="main.cpp" />
    <ClCompile Include="C++11\C++11.cpp">
      <Filter>C++11</Filter>
    </ClCompile>
    <ClCompile Include="C++11\NewCpp.cpp">
      <Filter>C++11</Filter>
    </ClCompile>
    <ClCompile Include="C++11\NewFeatures.cpp">
      <Filter>C++11</Filter>
    </ClCompile>
    <ClCompile Include="C++11\GeneralUtilities.cpp">
      <Filter>C++11</Filter>
    </ClCompile>
    <ClCompile Include="C++11\STLContainer.cpp">
      <Filter>C++11</Filter>
    </ClCompile>
    <ClCompile Include="C++11\FunAndLambda.cpp">
      <Filter>C++11</Filter>
    </ClCompile>
    <ClCompile Include="C++11\C++11String.cpp">
      <Filter>C++11</Filter>
    </ClCompile>
    <ClCompile Include="C++11\MultiThread.cpp">
      <Filter>C++11</Filter>
    </ClCompile>
    <ClCompile Include="C++14\C++14.cpp">
      <Filter>C++14</Filter>
    </ClCompile>
    <ClCompile Include="C++17\C++17.cpp">
      <Filter>C++17</Filter>
    </ClCompile>
  </ItemGroup>
  <ItemGroup>
    <ClInclude Include="resource.h" />
    <ClInclude Include="CPP98.h">
      <Filter>C++98</Filter>
    </ClInclude>
    <ClInclude Include="MyCLib.h">
      <Filter>lib&amp;DLL</Filter>
    </ClInclude>
    <ClInclude Include="CodeSafe.h">
      <Filter>Safe&amp;Performance</Filter>
    </ClInclude>
    <ClInclude Include="TestSTL.h">
      <Filter>C++98</Filter>
    </ClInclude>
    <ClInclude Include="C++11\C++11.h">
      <Filter>C++11</Filter>
    </ClInclude>
    <ClInclude Include="C++11\NewCpp.h">
      <Filter>C++11</Filter>
    </ClInclude>
    <ClInclude Include="C++11\NewFeatures.h">
      <Filter>C++11</Filter>
    </ClInclude>
    <ClInclude Include="C++11\GeneralUtilities.h">
      <Filter>C++11</Filter>
    </ClInclude>
    <ClInclude Include="C++11\STLContainer.h">
      <Filter>C++11</Filter>
    </ClInclude>
    <ClInclude Include="C++11\FunAndLambda.h">
      <Filter>C++11</Filter>
    </ClInclude>
    <ClInclude Include="C++11\C++11String.h">
      <Filter>C++11</Filter>
    </ClInclude>
    <ClInclude Include="C++11\MultiThread.h">
      <Filter>C++11</Filter>
    </ClInclude>
    <ClInclude Include="C++14\C++14.h">
      <Filter>C++14</Filter>
    </ClInclude>
    <ClInclude Include="C++17\C++17.h">
      <Filter>C++17</Filter>
    </ClInclude>
  </ItemGroup>
  <ItemGroup>
    <Filter Include="C++98">
      <UniqueIdentifier>{da934e7f-82c9-4a0a-b840-7eb6b6191289}</UniqueIdentifier>
    </Filter>
    <Filter Include="C++11">
      <UniqueIdentifier>{16986978-aabd-40b4-b586-711d90e083c5}</UniqueIdentifier>
    </Filter>
    <Filter Include="lib&amp;DLL">
      <UniqueIdentifier>{14f39529-a7d8-4b79-ab4e-014aeb3b87b0}</UniqueIdentifier>
    </Filter>
    <Filter Include="Safe&amp;Performance">
      <UniqueIdentifier>{674e72e0-300a-4073-bc74-4ce71e7612f5}</UniqueIdentifier>
    </Filter>
    <Filter Include="C++14">
      <UniqueIdentifier>{055e51c5-b8b5-4a5f-98ff-14c72d0c9076}</UniqueIdentifier>
    </Filter>
    <Filter Include="C++17">
      <UniqueIdentifier>{bbd99e6e-11a4-4932-a6eb-1d054a4fd62b}</UniqueIdentifier>
    </Filter>
  </ItemGroup>
</Project>